
Microsoft Visual Studio Solution File, Format Version 12.00
# Visual Studio Version 17
VisualStudioVersion = 17.0.31903.59
MinimumVisualStudioVersion = 10.0.40219.1
Project("{FAE04EC0-301F-11D3-BF4B-00C04F79EFBC}") = "UnityMapper", "UnityMapper\UnityMapper.csproj", "{58AB6BCF-0EDE-4A44-84C5-A04E2C6A6694}"
EndProject
Global
	GlobalSection(SolutionConfigurationPlatforms) = preSolution
		Debug|Any CPU = Debug|Any CPU
		Release|Any CPU = Release|Any CPU
	EndGlobalSection
	GlobalSection(SolutionProperties) = preSolution
		HideSolutionNode = FALSE
	EndGlobalSection
	GlobalSection(ProjectConfigurationPlatforms) = postSolution
		{58AB6BCF-0EDE-4A44-84C5-A04E2C6A6694}.Debug|Any CPU.ActiveCfg = Debug|Any CPU
		{58AB6BCF-0EDE-4A44-84C5-A04E2C6A6694}.Debug|Any CPU.Build.0 = Debug|Any CPU
		{58AB6BCF-0EDE-4A44-84C5-A04E2C6A6694}.Release|Any CPU.ActiveCfg = Release|Any CPU
		{58AB6BCF-0EDE-4A44-84C5-A04E2C6A6694}.Release|Any CPU.Build.0 = Release|Any CPU
	EndGlobalSection
EndGlobal
